// !$*UTF8*$!
{
	archiveVersion = 1;
	classes = {
	};
	objectVersion = 46;
	objects = {

/* Begin PBXBuildFile section */
		2C2127821A87CEC400BBAC46 /* LayoutKitCSSParser.h in Headers */ = {isa = PBXBuildFile; fileRef = 2C2127811A87CEC400BBAC46 /* LayoutKitCSSParser.h */; settings = {ATTRIBUTES = (Public, ); }; };
		2C21278F1A87CEC400BBAC46 /* LayoutKitCSSParserTests.m in Sources */ = {isa = PBXBuildFile; fileRef = 2C21278E1A87CEC400BBAC46 /* LayoutKitCSSParserTests.m */; };
		2C2128C91A87CF2100BBAC46 /* LayoutKitCSSParser.framework in Frameworks */ = {isa = PBXBuildFile; fileRef = 2C21277C1A87CEC400BBAC46 /* LayoutKitCSSParser.framework */; };
		2C2128D31A87D0F700BBAC46 /* LYKCSSDocument.h in Headers */ = {isa = PBXBuildFile; fileRef = 2C2128D11A87D0F700BBAC46 /* LYKCSSDocument.h */; settings = {ATTRIBUTES = (Public, ); }; };
		2C2128D41A87D0F700BBAC46 /* LYKCSSDocument.m in Sources */ = {isa = PBXBuildFile; fileRef = 2C2128D21A87D0F700BBAC46 /* LYKCSSDocument.m */; };
		2C3D7B0C1A87E359002DFE68 /* LYKCSSParser.h in Headers */ = {isa = PBXBuildFile; fileRef = 2C3D7B0A1A87E359002DFE68 /* LYKCSSParser.h */; };
		2C3D7B0D1A87E359002DFE68 /* LYKCSSParser.m in Sources */ = {isa = PBXBuildFile; fileRef = 2C3D7B0B1A87E359002DFE68 /* LYKCSSParser.m */; };
		2C3D7B101A87E3B1002DFE68 /* LYKCSSParserDelegate.h in Headers */ = {isa = PBXBuildFile; fileRef = 2C3D7B0F1A87E3B1002DFE68 /* LYKCSSParserDelegate.h */; };
		2C3D7B151A87E4C5002DFE68 /* libPEGKitIOS.a in Frameworks */ = {isa = PBXBuildFile; fileRef = 2C3D7B051A87D85C002DFE68 /* libPEGKitIOS.a */; };
		2C65106C1A89F421009CFD19 /* testfiles in Resources */ = {isa = PBXBuildFile; fileRef = 2C65106B1A89F421009CFD19 /* testfiles */; };
/* End PBXBuildFile section */

/* Begin PBXContainerItemProxy section */
		2C2127891A87CEC400BBAC46 /* PBXContainerItemProxy */ = {
			isa = PBXContainerItemProxy;
			containerPortal = 2C2127731A87CEC400BBAC46 /* Project object */;
			proxyType = 1;
			remoteGlobalIDString = 2C21277B1A87CEC400BBAC46;
			remoteInfo = LayoutKitCSSParser;
		};
		2C3D7AF41A87D722002DFE68 /* PBXContainerItemProxy */ = {
			isa = PBXContainerItemProxy;
			containerPortal = 2C3D7AEF1A87D722002DFE68 /* TDTemplateEngine.xcodeproj */;
			proxyType = 2;
			remoteGlobalIDString = D367DFB018E5EF6900F97BCC;
			remoteInfo = TDTemplateEngine;
		};
		2C3D7AF61A87D722002DFE68 /* PBXContainerItemProxy */ = {
			isa = PBXContainerItemProxy;
			containerPortal = 2C3D7AEF1A87D722002DFE68 /* TDTemplateEngine.xcodeproj */;
			proxyType = 2;
			remoteGlobalIDString = D367DFC718E5EF6900F97BCC;
			remoteInfo = TDTemplateEngineTests;
		};
		2C3D7B001A87D85C002DFE68 /* PBXContainerItemProxy */ = {
			isa = PBXContainerItemProxy;
			containerPortal = 2C3D7AF81A87D85B002DFE68 /* PEGKit.xcodeproj */;
			proxyType = 2;
			remoteGlobalIDString = D3F8A48D175817DF00056188;
			remoteInfo = PEGKit;
		};
		2C3D7B021A87D85C002DFE68 /* PBXContainerItemProxy */ = {
			isa = PBXContainerItemProxy;
			containerPortal = 2C3D7AF81A87D85B002DFE68 /* PEGKit.xcodeproj */;
			proxyType = 2;
			remoteGlobalIDString = D366C55418D1F29D00AF3EFB;
			remoteInfo = libPEGKitOSX;
		};
		2C3D7B041A87D85C002DFE68 /* PBXContainerItemProxy */ = {
			isa = PBXContainerItemProxy;
			containerPortal = 2C3D7AF81A87D85B002DFE68 /* PEGKit.xcodeproj */;
			proxyType = 2;
			remoteGlobalIDString = D317C12B18D1F5EB0036BE75;
			remoteInfo = libPEGKitIOS;
		};
		2C3D7B061A87D85C002DFE68 /* PBXContainerItemProxy */ = {
			isa = PBXContainerItemProxy;
			containerPortal = 2C3D7AF81A87D85B002DFE68 /* PEGKit.xcodeproj */;
			proxyType = 2;
			remoteGlobalIDString = D37D8DC61571A4F700CDB822;
			remoteInfo = PEGKitTests;
		};
		2C3D7B081A87D85C002DFE68 /* PBXContainerItemProxy */ = {
			isa = PBXContainerItemProxy;
			containerPortal = 2C3D7AF81A87D85B002DFE68 /* PEGKit.xcodeproj */;
			proxyType = 2;
			remoteGlobalIDString = D338302F171C923700CCE513;
			remoteInfo = ParserGenApp;
		};
		2C3D7B131A87E4BD002DFE68 /* PBXContainerItemProxy */ = {
			isa = PBXContainerItemProxy;
			containerPortal = 2C3D7AF81A87D85B002DFE68 /* PEGKit.xcodeproj */;
			proxyType = 1;
			remoteGlobalIDString = D317C12A18D1F5EB0036BE75;
			remoteInfo = libPEGKitIOS;
		};
/* End PBXContainerItemProxy section */

/* Begin PBXFileReference section */
		2C21277C1A87CEC400BBAC46 /* LayoutKitCSSParser.framework */ = {isa = PBXFileReference; explicitFileType = wrapper.framework; includeInIndex = 0; path = LayoutKitCSSParser.framework; sourceTree = BUILT_PRODUCTS_DIR; };
		2C2127801A87CEC400BBAC46 /* Info.plist */ = {isa = PBXFileReference; lastKnownFileType = text.plist.xml; path = Info.plist; sourceTree = "<group>"; };
		2C2127811A87CEC400BBAC46 /* LayoutKitCSSParser.h */ = {isa = PBXFileReference; lastKnownFileType = sourcecode.c.h; path = LayoutKitCSSParser.h; sourceTree = "<group>"; };
		2C2127871A87CEC400BBAC46 /* LayoutKitCSSParserTests.xctest */ = {isa = PBXFileReference; explicitFileType = wrapper.cfbundle; includeInIndex = 0; path = LayoutKitCSSParserTests.xctest; sourceTree = BUILT_PRODUCTS_DIR; };
		2C21278D1A87CEC400BBAC46 /* Info.plist */ = {isa = PBXFileReference; lastKnownFileType = text.plist.xml; path = Info.plist; sourceTree = "<group>"; };
		2C21278E1A87CEC400BBAC46 /* LayoutKitCSSParserTests.m */ = {isa = PBXFileReference; lastKnownFileType = sourcecode.c.objc; path = LayoutKitCSSParserTests.m; sourceTree = "<group>"; };
		2C2128D11A87D0F700BBAC46 /* LYKCSSDocument.h */ = {isa = PBXFileReference; fileEncoding = 4; lastKnownFileType = sourcecode.c.h; path = LYKCSSDocument.h; sourceTree = "<group>"; };
		2C2128D21A87D0F700BBAC46 /* LYKCSSDocument.m */ = {isa = PBXFileReference; fileEncoding = 4; lastKnownFileType = sourcecode.c.objc; path = LYKCSSDocument.m; sourceTree = "<group>"; };
		2C3D7AEF1A87D722002DFE68 /* TDTemplateEngine.xcodeproj */ = {isa = PBXFileReference; lastKnownFileType = "wrapper.pb-project"; name = TDTemplateEngine.xcodeproj; path = pegkit/lib/TDTemplateEngine/TDTemplateEngine.xcodeproj; sourceTree = "<group>"; };
		2C3D7AF81A87D85B002DFE68 /* PEGKit.xcodeproj */ = {isa = PBXFileReference; lastKnownFileType = "wrapper.pb-project"; name = PEGKit.xcodeproj; path = pegkit/PEGKit.xcodeproj; sourceTree = "<group>"; };
		2C3D7B0A1A87E359002DFE68 /* LYKCSSParser.h */ = {isa = PBXFileReference; fileEncoding = 4; lastKnownFileType = sourcecode.c.h; path = LYKCSSParser.h; sourceTree = "<group>"; };
		2C3D7B0B1A87E359002DFE68 /* LYKCSSParser.m */ = {isa = PBXFileReference; fileEncoding = 4; lastKnownFileType = sourcecode.c.objc; path = LYKCSSParser.m; sourceTree = "<group>"; };
		2C3D7B0F1A87E3B1002DFE68 /* LYKCSSParserDelegate.h */ = {isa = PBXFileReference; fileEncoding = 4; lastKnownFileType = sourcecode.c.h; path = LYKCSSParserDelegate.h; sourceTree = "<group>"; };
		2C65106B1A89F421009CFD19 /* testfiles */ = {isa = PBXFileReference; lastKnownFileType = folder; path = testfiles; sourceTree = "<group>"; };
/* End PBXFileReference section */

/* Begin PBXFrameworksBuildPhase section */
		2C2127781A87CEC400BBAC46 /* Frameworks */ = {
			isa = PBXFrameworksBuildPhase;
			buildActionMask = 2147483647;
			files = (
				2C3D7B151A87E4C5002DFE68 /* libPEGKitIOS.a in Frameworks */,
			);
			runOnlyForDeploymentPostprocessing = 0;
		};
		2C2127841A87CEC400BBAC46 /* Frameworks */ = {
			isa = PBXFrameworksBuildPhase;
			buildActionMask = 2147483647;
			files = (
				2C2128C91A87CF2100BBAC46 /* LayoutKitCSSParser.framework in Frameworks */,
			);
			runOnlyForDeploymentPostprocessing = 0;
		};
/* End PBXFrameworksBuildPhase section */

/* Begin PBXGroup section */
		2C2127721A87CEC400BBAC46 = {
			isa = PBXGroup;
			children = (
				2C21277E1A87CEC400BBAC46 /* LayoutKitCSSParser */,
				2C2127A11A87CEF900BBAC46 /* Libraries */,
				2C21278B1A87CEC400BBAC46 /* LayoutKitCSSParserTests */,
				2C21277D1A87CEC400BBAC46 /* Products */,
			);
			sourceTree = "<group>";
		};
		2C21277D1A87CEC400BBAC46 /* Products */ = {
			isa = PBXGroup;
			children = (
				2C21277C1A87CEC400BBAC46 /* LayoutKitCSSParser.framework */,
				2C2127871A87CEC400BBAC46 /* LayoutKitCSSParserTests.xctest */,
			);
			name = Products;
			sourceTree = "<group>";
		};
		2C21277E1A87CEC400BBAC46 /* LayoutKitCSSParser */ = {
			isa = PBXGroup;
			children = (
				2C2127811A87CEC400BBAC46 /* LayoutKitCSSParser.h */,
				2C2128D11A87D0F700BBAC46 /* LYKCSSDocument.h */,
				2C2128D21A87D0F700BBAC46 /* LYKCSSDocument.m */,
				2C3D7B0F1A87E3B1002DFE68 /* LYKCSSParserDelegate.h */,
				2C3D7B0E1A87E35E002DFE68 /* Generated */,
				2C21277F1A87CEC400BBAC46 /* Supporting Files */,
			);
			path = LayoutKitCSSParser;
			sourceTree = "<group>";
		};
		2C21277F1A87CEC400BBAC46 /* Supporting Files */ = {
			isa = PBXGroup;
			children = (
				2C2127801A87CEC400BBAC46 /* Info.plist */,
			);
			name = "Supporting Files";
			sourceTree = "<group>";
		};
		2C21278B1A87CEC400BBAC46 /* LayoutKitCSSParserTests */ = {
			isa = PBXGroup;
			children = (
				2C21278E1A87CEC400BBAC46 /* LayoutKitCSSParserTests.m */,
				2C65106B1A89F421009CFD19 /* testfiles */,
				2C21278C1A87CEC400BBAC46 /* Supporting Files */,
			);
			path = LayoutKitCSSParserTests;
			sourceTree = "<group>";
		};
		2C21278C1A87CEC400BBAC46 /* Supporting Files */ = {
			isa = PBXGroup;
			children = (
				2C21278D1A87CEC400BBAC46 /* Info.plist */,
			);
			name = "Supporting Files";
			sourceTree = "<group>";
		};
		2C2127A11A87CEF900BBAC46 /* Libraries */ = {
			isa = PBXGroup;
			children = (
				2C3D7AF81A87D85B002DFE68 /* PEGKit.xcodeproj */,
				2C3D7AEF1A87D722002DFE68 /* TDTemplateEngine.xcodeproj */,
			);
			path = Libraries;
			sourceTree = "<group>";
		};
		2C3D7AF01A87D722002DFE68 /* Products */ = {
			isa = PBXGroup;
			children = (
				2C3D7AF51A87D722002DFE68 /* TDTemplateEngine.framework */,
				2C3D7AF71A87D722002DFE68 /* TDTemplateEngineTests.xctest */,
			);
			name = Products;
			sourceTree = "<group>";
		};
		2C3D7AF91A87D85B002DFE68 /* Products */ = {
			isa = PBXGroup;
			children = (
				2C3D7B011A87D85C002DFE68 /* PEGKit.framework */,
				2C3D7B031A87D85C002DFE68 /* libPEGKitOSX.a */,
				2C3D7B051A87D85C002DFE68 /* libPEGKitIOS.a */,
				2C3D7B071A87D85C002DFE68 /* PEGKitTests.xctest */,
				2C3D7B091A87D85C002DFE68 /* ParserGenApp.app */,
			);
			name = Products;
			sourceTree = "<group>";
		};
		2C3D7B0E1A87E35E002DFE68 /* Generated */ = {
			isa = PBXGroup;
			children = (
				2C3D7B0A1A87E359002DFE68 /* LYKCSSParser.h */,
				2C3D7B0B1A87E359002DFE68 /* LYKCSSParser.m */,
			);
			name = Generated;
			sourceTree = "<group>";
		};
/* End PBXGroup section */

/* Begin PBXHeadersBuildPhase section */
		2C2127791A87CEC400BBAC46 /* Headers */ = {
			isa = PBXHeadersBuildPhase;
			buildActionMask = 2147483647;
			files = (
				2C3D7B0C1A87E359002DFE68 /* LYKCSSParser.h in Headers */,
				2C3D7B101A87E3B1002DFE68 /* LYKCSSParserDelegate.h in Headers */,
				2C2128D31A87D0F700BBAC46 /* LYKCSSDocument.h in Headers */,
				2C2127821A87CEC400BBAC46 /* LayoutKitCSSParser.h in Headers */,
			);
			runOnlyForDeploymentPostprocessing = 0;
		};
/* End PBXHeadersBuildPhase section */

/* Begin PBXNativeTarget section */
		2C21277B1A87CEC400BBAC46 /* LayoutKitCSSParser */ = {
			isa = PBXNativeTarget;
			buildConfigurationList = 2C2127921A87CEC400BBAC46 /* Build configuration list for PBXNativeTarget "LayoutKitCSSParser" */;
			buildPhases = (
				2C2127771A87CEC400BBAC46 /* Sources */,
				2C2127781A87CEC400BBAC46 /* Frameworks */,
				2C2127791A87CEC400BBAC46 /* Headers */,
				2C21277A1A87CEC400BBAC46 /* Resources */,
			);
			buildRules = (
			);
			dependencies = (
				2C3D7B141A87E4BD002DFE68 /* PBXTargetDependency */,
			);
			name = LayoutKitCSSParser;
			productName = LayoutKitCSSParser;
			productReference = 2C21277C1A87CEC400BBAC46 /* LayoutKitCSSParser.framework */;
			productType = "com.apple.product-type.framework";
		};
		2C2127861A87CEC400BBAC46 /* LayoutKitCSSParserTests */ = {
			isa = PBXNativeTarget;
			buildConfigurationList = 2C2127951A87CEC400BBAC46 /* Build configuration list for PBXNativeTarget "LayoutKitCSSParserTests" */;
			buildPhases = (
				2C2127831A87CEC400BBAC46 /* Sources */,
				2C2127841A87CEC400BBAC46 /* Frameworks */,
				2C2127851A87CEC400BBAC46 /* Resources */,
			);
			buildRules = (
			);
			dependencies = (
				2C21278A1A87CEC400BBAC46 /* PBXTargetDependency */,
			);
			name = LayoutKitCSSParserTests;
			productName = LayoutKitCSSParserTests;
			productReference = 2C2127871A87CEC400BBAC46 /* LayoutKitCSSParserTests.xctest */;
			productType = "com.apple.product-type.bundle.unit-test";
		};
/* End PBXNativeTarget section */

/* Begin PBXProject section */
		2C2127731A87CEC400BBAC46 /* Project object */ = {
			isa = PBXProject;
			attributes = {
				LastUpgradeCheck = 0610;
				ORGANIZATIONNAME = nesiumdotcom;
				TargetAttributes = {
					2C21277B1A87CEC400BBAC46 = {
						CreatedOnToolsVersion = 6.1.1;
					};
					2C2127861A87CEC400BBAC46 = {
						CreatedOnToolsVersion = 6.1.1;
					};
				};
			};
			buildConfigurationList = 2C2127761A87CEC400BBAC46 /* Build configuration list for PBXProject "LayoutKitCSSParser" */;
			compatibilityVersion = "Xcode 3.2";
			developmentRegion = English;
			hasScannedForEncodings = 0;
			knownRegions = (
				en,
			);
			mainGroup = 2C2127721A87CEC400BBAC46;
			productRefGroup = 2C21277D1A87CEC400BBAC46 /* Products */;
			projectDirPath = "";
			projectReferences = (
				{
					ProductGroup = 2C3D7AF91A87D85B002DFE68 /* Products */;
					ProjectRef = 2C3D7AF81A87D85B002DFE68 /* PEGKit.xcodeproj */;
				},
				{
					ProductGroup = 2C3D7AF01A87D722002DFE68 /* Products */;
					ProjectRef = 2C3D7AEF1A87D722002DFE68 /* TDTemplateEngine.xcodeproj */;
				},
			);
			projectRoot = "";
			targets = (
				2C21277B1A87CEC400BBAC46 /* LayoutKitCSSParser */,
				2C2127861A87CEC400BBAC46 /* LayoutKitCSSParserTests */,
			);
		};
/* End PBXProject section */

/* Begin PBXReferenceProxy section */
		2C3D7AF51A87D722002DFE68 /* TDTemplateEngine.framework */ = {
			isa = PBXReferenceProxy;
			fileType = wrapper.framework;
			path = TDTemplateEngine.framework;
			remoteRef = 2C3D7AF41A87D722002DFE68 /* PBXContainerItemProxy */;
			sourceTree = BUILT_PRODUCTS_DIR;
		};
		2C3D7AF71A87D722002DFE68 /* TDTemplateEngineTests.xctest */ = {
			isa = PBXReferenceProxy;
			fileType = wrapper.cfbundle;
			path = TDTemplateEngineTests.xctest;
			remoteRef = 2C3D7AF61A87D722002DFE68 /* PBXContainerItemProxy */;
			sourceTree = BUILT_PRODUCTS_DIR;
		};
		2C3D7B011A87D85C002DFE68 /* PEGKit.framework */ = {
			isa = PBXReferenceProxy;
			fileType = wrapper.framework;
			path = PEGKit.framework;
			remoteRef = 2C3D7B001A87D85C002DFE68 /* PBXContainerItemProxy */;
			sourceTree = BUILT_PRODUCTS_DIR;
		};
		2C3D7B031A87D85C002DFE68 /* libPEGKitOSX.a */ = {
			isa = PBXReferenceProxy;
			fileType = archive.ar;
			path = libPEGKitOSX.a;
			remoteRef = 2C3D7B021A87D85C002DFE68 /* PBXContainerItemProxy */;
			sourceTree = BUILT_PRODUCTS_DIR;
		};
		2C3D7B051A87D85C002DFE68 /* libPEGKitIOS.a */ = {
			isa = PBXReferenceProxy;
			fileType = archive.ar;
			path = libPEGKitIOS.a;
			remoteRef = 2C3D7B041A87D85C002DFE68 /* PBXContainerItemProxy */;
			sourceTree = BUILT_PRODUCTS_DIR;
		};
		2C3D7B071A87D85C002DFE68 /* PEGKitTests.xctest */ = {
			isa = PBXReferenceProxy;
			fileType = wrapper.cfbundle;
			path = PEGKitTests.xctest;
			remoteRef = 2C3D7B061A87D85C002DFE68 /* PBXContainerItemProxy */;
			sourceTree = BUILT_PRODUCTS_DIR;
		};
		2C3D7B091A87D85C002DFE68 /* ParserGenApp.app */ = {
			isa = PBXReferenceProxy;
			fileType = wrapper.application;
			path = ParserGenApp.app;
			remoteRef = 2C3D7B081A87D85C002DFE68 /* PBXContainerItemProxy */;
			sourceTree = BUILT_PRODUCTS_DIR;
		};
/* End PBXReferenceProxy section */

/* Begin PBXResourcesBuildPhase section */
		2C21277A1A87CEC400BBAC46 /* Resources */ = {
			isa = PBXResourcesBuildPhase;
			buildActionMask = 2147483647;
			files = (
			);
			runOnlyForDeploymentPostprocessing = 0;
		};
		2C2127851A87CEC400BBAC46 /* Resources */ = {
			isa = PBXResourcesBuildPhase;
			buildActionMask = 2147483647;
			files = (
				2C65106C1A89F421009CFD19 /* testfiles in Resources */,
			);
			runOnlyForDeploymentPostprocessing = 0;
		};
/* End PBXResourcesBuildPhase section */

/* Begin PBXSourcesBuildPhase section */
		2C2127771A87CEC400BBAC46 /* Sources */ = {
			isa = PBXSourcesBuildPhase;
			buildActionMask = 2147483647;
			files = (
				2C2128D41A87D0F700BBAC46 /* LYKCSSDocument.m in Sources */,
				2C3D7B0D1A87E359002DFE68 /* LYKCSSParser.m in Sources */,
			);
			runOnlyForDeploymentPostprocessing = 0;
		};
		2C2127831A87CEC400BBAC46 /* Sources */ = {
			isa = PBXSourcesBuildPhase;
			buildActionMask = 2147483647;
			files = (
				2C21278F1A87CEC400BBAC46 /* LayoutKitCSSParserTests.m in Sources */,
			);
			runOnlyForDeploymentPostprocessing = 0;
		};
/* End PBXSourcesBuildPhase section */

/* Begin PBXTargetDependency section */
		2C21278A1A87CEC400BBAC46 /* PBXTargetDependency */ = {
			isa = PBXTargetDependency;
			target = 2C21277B1A87CEC400BBAC46 /* LayoutKitCSSParser */;
			targetProxy = 2C2127891A87CEC400BBAC46 /* PBXContainerItemProxy */;
		};
		2C3D7B141A87E4BD002DFE68 /* PBXTargetDependency */ = {
			isa = PBXTargetDependency;
			name = libPEGKitIOS;
			targetProxy = 2C3D7B131A87E4BD002DFE68 /* PBXContainerItemProxy */;
		};
/* End PBXTargetDependency section */

/* Begin XCBuildConfiguration section */
		2C2127901A87CEC400BBAC46 /* Debug */ = {
			isa = XCBuildConfiguration;
			buildSettings = {
				ALWAYS_SEARCH_USER_PATHS = NO;
				CLANG_CXX_LANGUAGE_STANDARD = "gnu++0x";
				CLANG_CXX_LIBRARY = "libc++";
				CLANG_ENABLE_MODULES = YES;
				CLANG_ENABLE_OBJC_ARC = YES;
				CLANG_WARN_BOOL_CONVERSION = YES;
				CLANG_WARN_CONSTANT_CONVERSION = YES;
				CLANG_WARN_DIRECT_OBJC_ISA_USAGE = YES_ERROR;
				CLANG_WARN_EMPTY_BODY = YES;
				CLANG_WARN_ENUM_CONVERSION = YES;
				CLANG_WARN_INT_CONVERSION = YES;
				CLANG_WARN_OBJC_ROOT_CLASS = YES_ERROR;
				CLANG_WARN_UNREACHABLE_CODE = YES;
				CLANG_WARN__DUPLICATE_METHOD_MATCH = YES;
				"CODE_SIGN_IDENTITY[sdk=iphoneos*]" = "iPhone Developer";
				COPY_PHASE_STRIP = NO;
				CURRENT_PROJECT_VERSION = 1;
				ENABLE_STRICT_OBJC_MSGSEND = YES;
				GCC_C_LANGUAGE_STANDARD = gnu99;
				GCC_DYNAMIC_NO_PIC = NO;
				GCC_OPTIMIZATION_LEVEL = 0;
				GCC_PREPROCESSOR_DEFINITIONS = (
					"DEBUG=1",
					"$(inherited)",
				);
				GCC_SYMBOLS_PRIVATE_EXTERN = NO;
				GCC_WARN_64_TO_32_BIT_CONVERSION = YES;
				GCC_WARN_ABOUT_RETURN_TYPE = YES_ERROR;
				GCC_WARN_UNDECLARED_SELECTOR = YES;
				GCC_WARN_UNINITIALIZED_AUTOS = YES_AGGRESSIVE;
				GCC_WARN_UNUSED_FUNCTION = YES;
				GCC_WARN_UNUSED_VARIABLE = YES;
				IPHONEOS_DEPLOYMENT_TARGET = 8.1;
				MTL_ENABLE_DEBUG_INFO = YES;
				ONLY_ACTIVE_ARCH = YES;
				SDKROOT = iphoneos;
				TARGETED_DEVICE_FAMILY = "1,2";
				VERSIONING_SYSTEM = "apple-generic";
				VERSION_INFO_PREFIX = "";
			};
			name = Debug;
		};
		2C2127911A87CEC400BBAC46 /* Release */ = {
			isa = XCBuildConfiguration;
			buildSettings = {
				ALWAYS_SEARCH_USER_PATHS = NO;
				CLANG_CXX_LANGUAGE_STANDARD = "gnu++0x";
				CLANG_CXX_LIBRARY = "libc++";
				CLANG_ENABLE_MODULES = YES;
				CLANG_ENABLE_OBJC_ARC = YES;
				CLANG_WARN_BOOL_CONVERSION = YES;
				CLANG_WARN_CONSTANT_CONVERSION = YES;
				CLANG_WARN_DIRECT_OBJC_ISA_USAGE = YES_ERROR;
				CLANG_WARN_EMPTY_BODY = YES;
				CLANG_WARN_ENUM_CONVERSION = YES;
				CLANG_WARN_INT_CONVERSION = YES;
				CLANG_WARN_OBJC_ROOT_CLASS = YES_ERROR;
				CLANG_WARN_UNREACHABLE_CODE = YES;
				CLANG_WARN__DUPLICATE_METHOD_MATCH = YES;
				"CODE_SIGN_IDENTITY[sdk=iphoneos*]" = "iPhone Developer";
				COPY_PHASE_STRIP = YES;
				CURRENT_PROJECT_VERSION = 1;
				ENABLE_NS_ASSERTIONS = NO;
				ENABLE_STRICT_OBJC_MSGSEND = YES;
				GCC_C_LANGUAGE_STANDARD = gnu99;
				GCC_WARN_64_TO_32_BIT_CONVERSION = YES;
				GCC_WARN_ABOUT_RETURN_TYPE = YES_ERROR;
				GCC_WARN_UNDECLARED_SELECTOR = YES;
				GCC_WARN_UNINITIALIZED_AUTOS = YES_AGGRESSIVE;
				GCC_WARN_UNUSED_FUNCTION = YES;
				GCC_WARN_UNUSED_VARIABLE = YES;
				IPHONEOS_DEPLOYMENT_TARGET = 8.1;
				MTL_ENABLE_DEBUG_INFO = NO;
				SDKROOT = iphoneos;
				TARGETED_DEVICE_FAMILY = "1,2";
				VALIDATE_PRODUCT = YES;
				VERSIONING_SYSTEM = "apple-generic";
				VERSION_INFO_PREFIX = "";
			};
			name = Release;
		};
		2C2127931A87CEC400BBAC46 /* Debug */ = {
			isa = XCBuildConfiguration;
			buildSettings = {
				DEFINES_MODULE = YES;
				DYLIB_COMPATIBILITY_VERSION = 1;
				DYLIB_CURRENT_VERSION = 1;
				DYLIB_INSTALL_NAME_BASE = "@rpath";
				HEADER_SEARCH_PATHS = (
					"${BUILT_PRODUCTS_DIR}/include",
					"$(inherited)",
				);
				INFOPLIST_FILE = LayoutKitCSSParser/Info.plist;
				INSTALL_PATH = "$(LOCAL_LIBRARY_DIR)/Frameworks";
				LD_RUNPATH_SEARCH_PATHS = "$(inherited) @executable_path/Frameworks @loader_path/Frameworks";
				OTHER_LDFLAGS = "-ObjC";
				PRODUCT_NAME = "$(TARGET_NAME)";
				SKIP_INSTALL = YES;
			};
			name = Debug;
		};
		2C2127941A87CEC400BBAC46 /* Release */ = {
			isa = XCBuildConfiguration;
			buildSettings = {
				DEFINES_MODULE = YES;
				DYLIB_COMPATIBILITY_VERSION = 1;
				DYLIB_CURRENT_VERSION = 1;
				DYLIB_INSTALL_NAME_BASE = "@rpath";
				HEADER_SEARCH_PATHS = (
					"${BUILT_PRODUCTS_DIR}",
					"$(inherited)",
				);
				INFOPLIST_FILE = LayoutKitCSSParser/Info.plist;
				INSTALL_PATH = "$(LOCAL_LIBRARY_DIR)/Frameworks";
				LD_RUNPATH_SEARCH_PATHS = "$(inherited) @executable_path/Frameworks @loader_path/Frameworks";
				OTHER_LDFLAGS = "-ObjC";
				PRODUCT_NAME = "$(TARGET_NAME)";
				SKIP_INSTALL = YES;
			};
			name = Release;
		};
		2C2127961A87CEC400BBAC46 /* Debug */ = {
			isa = XCBuildConfiguration;
			buildSettings = {
				FRAMEWORK_SEARCH_PATHS = (
					"$(SDKROOT)/Developer/Library/Frameworks",
					"$(inherited)",
				);
				GCC_PREPROCESSOR_DEFINITIONS = (
					"DEBUG=1",
					"$(inherited)",
				);
				INFOPLIST_FILE = LayoutKitCSSParserTests/Info.plist;
				LD_RUNPATH_SEARCH_PATHS = "$(inherited) @executable_path/Frameworks @loader_path/Frameworks";
				PRODUCT_NAME = "$(TARGET_NAME)";
			};
			name = Debug;
		};
		2C2127971A87CEC400BBAC46 /* Release */ = {
			isa = XCBuildConfiguration;
			buildSettings = {
				FRAMEWORK_SEARCH_PATHS = (
					"$(SDKROOT)/Developer/Library/Frameworks",
					"$(inherited)",
				);
				INFOPLIST_FILE = LayoutKitCSSParserTests/Info.plist;
				LD_RUNPATH_SEARCH_PATHS = "$(inherited) @executable_path/Frameworks @loader_path/Frameworks";
				PRODUCT_NAME = "$(TARGET_NAME)";
			};
			name = Release;
		};
/* End XCBuildConfiguration section */

/* Begin XCConfigurationList section */
		2C2127761A87CEC400BBAC46 /* Build configuration list for PBXProject "LayoutKitCSSParser" */ = {
			isa = XCConfigurationList;
			buildConfigurations = (
				2C2127901A87CEC400BBAC46 /* Debug */,
				2C2127911A87CEC400BBAC46 /* Release */,
			);
			defaultConfigurationIsVisible = 0;
			defaultConfigurationName = Release;
		};
		2C2127921A87CEC400BBAC46 /* Build configuration list for PBXNativeTarget "LayoutKitCSSParser" */ = {
			isa = XCConfigurationList;
			buildConfigurations = (
				2C2127931A87CEC400BBAC46 /* Debug */,
				2C2127941A87CEC400BBAC46 /* Release */,
			);
			defaultConfigurationIsVisible = 0;
			defaultConfigurationName = Release;
		};
		2C2127951A87CEC400BBAC46 /* Build configuration list for PBXNativeTarget "LayoutKitCSSParserTests" */ = {
			isa = XCConfigurationList;
			buildConfigurations = (
				2C2127961A87CEC400BBAC46 /* Debug */,
				2C2127971A87CEC400BBAC46 /* Release */,
			);
			defaultConfigurationIsVisible = 0;
			defaultConfigurationName = Release;
		};
/* End XCConfigurationList section */
	};
	rootObject = 2C2127731A87CEC400BBAC46 /* Project object */;
}
